
Microsoft Visual Studio Solution File, Format Version 12.00
# Visual Studio 15
VisualStudioVersion = 15.0.27004.2008
MinimumVisualStudioVersion = 10.0.40219.1
Project("{FAE04EC0-301F-11D3-BF4B-00C04F79EFBC}") = "laba10", "laba10\laba10.csproj", "{D45B48F5-F83E-4B85-8DED-D4F2FAB0F407}"
EndProject
Global
	GlobalSection(SolutionConfigurationPlatforms) = preSolution
		Debug|Any CPU = Debug|Any CPU
		Release|Any CPU = Release|Any CPU
	EndGlobalSection
	GlobalSection(ProjectConfigurationPlatforms) = postSolution
		{D45B48F5-F83E-4B85-8DED-D4F2FAB0F407}.Debug|Any CPU.ActiveCfg = Debug|Any CPU
		{D45B48F5-F83E-4B85-8DED-D4F2FAB0F407}.Debug|Any CPU.Build.0 = Debug|Any CPU
		{D45B48F5-F83E-4B85-8DED-D4F2FAB0F407}.Release|Any CPU.ActiveCfg = Release|Any CPU
		{D45B48F5-F83E-4B85-8DED-D4F2FAB0F407}.Release|Any CPU.Build.0 = Release|Any CPU
	EndGlobalSection
	GlobalSection(SolutionProperties) = preSolution
		HideSolutionNode = FALSE
	EndGlobalSection
	GlobalSection(ExtensibilityGlobals) = postSolution
		SolutionGuid = {D8F646E2-5884-4D8D-8832-AC1C6C823358}
	EndGlobalSection
EndGlobal
